{
  "version": 1,
  "dependencies": {
    "net10.0": {
      "System.CommandLine": {
        "type": "Transitive",
        "resolved": "2.0.11",
        "contentHash": "Pmg3/T0M37ZS3ovwPHtfBNTCdqNpnxo+tnZMg8JDHVR0qD8KwcPUKlheEiZysb1En8IyH7yDoa9QDq97Ny/vhQ=="
      },
      "System.Formats.Cbor": {
        "type": "Transitive",
        "resolved": "10.0.11",
        "contentHash": "i6cQMkCkGavqCPqjoQIkxVgtbTG59FkWsJppVOQ4QoJ//MNoe/m/3M/BN1SxEmLHGxySM8LiUl5/ppKgOyTWBA=="
      },
      "System.IO.Hashing": {
        "type": "Transitive",
        "resolved": "10.0.11",
        "contentHash": "OzKDcIRkeNJeC8qAsbn8yJXnfTLP1dtkWILe+T56Gf/z+IkAASi7sMqLqJQat08j5z/mRN5xVtoAwbkMNMoBUQ=="
      },
      "ByteTerrace.Puck.Abstractions": {
        "type": "Project"
      },
      "ByteTerrace.Puck.Assets": {
        "type": "Project",
        "dependencies": {
          "ByteTerrace.Puck.Abstractions": "[0.1.0-alpha, )",
          "ByteTerrace.Puck.Maths": "[0.1.0-alpha, )",
          "System.IO.Hashing": "[10.*, )"
        }
      },
      "ByteTerrace.Puck.Attestation": {
        "type": "Project",
        "dependencies": {
          "System.Formats.Cbor": "[10.*, )"
        }
      },
      "ByteTerrace.Puck.Commands": {
        "type": "Project",
        "dependencies": {
          "ByteTerrace.Puck.Assets": "[0.1.0-alpha, )",
          "ByteTerrace.Puck.Maths": "[0.1.0-alpha, )",
          "System.CommandLine": "[2.*, )"
        }
      },
      "ByteTerrace.Puck.Hosting": {
        "type": "Project",
        "dependencies": {
          "ByteTerrace.Puck.Abstractions": "[0.1.0-alpha, )",
          "ByteTerrace.Puck.Commands": "[0.1.0-alpha, )"
        }
      },
      "ByteTerrace.Puck.Maths": {
        "type": "Project"
      },
      "ByteTerrace.Puck.Networking": {
        "type": "Project",
        "dependencies": {
          "ByteTerrace.Puck.Attestation": "[0.1.0-alpha, )",
          "ByteTerrace.Puck.Maths": "[0.1.0-alpha, )"
        }
      },
      "ByteTerrace.Puck.Physics": {
        "type": "Project",
        "dependencies": {
          "ByteTerrace.Puck.Abstractions": "[0.1.0-alpha, )",
          "ByteTerrace.Puck.Maths": "[0.1.0-alpha, )"
        }
      },
      "ByteTerrace.Puck.SignedDistance": {
        "type": "Project",
        "dependencies": {
          "ByteTerrace.Puck.Maths": "[0.1.0-alpha, )",
          "ByteTerrace.Puck.Text": "[0.1.0-alpha, )"
        }
      },
      "ByteTerrace.Puck.Text": {
        "type": "Project",
        "dependencies": {
          "ByteTerrace.Puck.Assets": "[0.1.0-alpha, )",
          "ByteTerrace.Puck.Maths": "[0.1.0-alpha, )"
        }
      },
      "puck.world.authoring": {
        "type": "Project",
        "dependencies": {
          "ByteTerrace.Puck.Assets": "[0.1.0-alpha, )",
          "ByteTerrace.Puck.SignedDistance": "[0.1.0-alpha, )",
          "ByteTerrace.Puck.Text": "[0.1.0-alpha, )"
        }
      },
      "puck.world.schema": {
        "type": "Project",
        "dependencies": {
          "ByteTerrace.Puck.Abstractions": "[0.1.0-alpha, )",
          "ByteTerrace.Puck.Assets": "[0.1.0-alpha, )",
          "ByteTerrace.Puck.Attestation": "[0.1.0-alpha, )",
          "ByteTerrace.Puck.Commands": "[0.1.0-alpha, )",
          "ByteTerrace.Puck.Hosting": "[0.1.0-alpha, )",
          "ByteTerrace.Puck.Maths": "[0.1.0-alpha, )",
          "ByteTerrace.Puck.Physics": "[0.1.0-alpha, )",
          "ByteTerrace.Puck.Text": "[0.1.0-alpha, )",
          "Puck.World.Authoring": "[1.0.0, )"
        }
      }
    }
  }
}