{
  "version": 1,
  "dependencies": {
    "net10.0": {
      "Microsoft.Extensions.DependencyInjection": {
        "type": "Direct",
        "requested": "[10.*, )",
        "resolved": "10.0.12",
        "contentHash": "lXyK2O5GoYvfxW8eCFcD16JFbcoSTM1sJkAM0UHS1jZyl9NYMW64Tqm6OQFT0IDBjZi+xHt95/Zg+nxZhGFhZg==",
        "dependencies": {
          "Microsoft.Extensions.DependencyInjection.Abstractions": "10.0.12"
        }
      },
      "Azure.Core": {
        "type": "Transitive",
        "resolved": "1.55.0",
        "contentHash": "c7femvYS/xEUrLP1sNZN+DoQZmx3X+G3ZXtOOz0RL/7cGMCM3JVqepVmRd3AwM4IK8AtTGS4GOigCO+d/zaSsQ==",
        "dependencies": {
          "Microsoft.Bcl.AsyncInterfaces": "10.0.3",
          "Microsoft.Extensions.Configuration.Abstractions": "10.0.3",
          "Microsoft.Extensions.Hosting.Abstractions": "10.0.3",
          "Microsoft.Identity.Client": "4.83.1",
          "Microsoft.Identity.Client.Extensions.Msal": "4.83.1",
          "System.ClientModel": "1.11.0",
          "System.Memory.Data": "10.0.3"
        }
      },
      "Azure.Identity": {
        "type": "Transitive",
        "resolved": "1.21.0",
        "contentHash": "GeFv8sGwRKvDKwI2WFy8r0mhmlxEVZg24Sit2NogTjiSO8RVjllWM65OT6e1sKjOvG8V74y7hAbaELUUPjZQSw==",
        "dependencies": {
          "Azure.Core": "1.53.0"
        }
      },
      "Azure.Storage.Blobs": {
        "type": "Transitive",
        "resolved": "12.29.2",
        "contentHash": "NeZmk7bphspT2BYn8XaNCTV4/9vQG+ea79F85MBTi2o2WiXIIJNsRBtFyeBrzK2HIk476rfSqLNwPt4vXgOEkQ==",
        "dependencies": {
          "Azure.Core": "1.55.0",
          "Azure.Storage.Common": "12.28.0"
        }
      },
      "Azure.Storage.Common": {
        "type": "Transitive",
        "resolved": "12.28.0",
        "contentHash": "5l8YhNrks38zKLGFW2BBFLwieyamH/xauABSASsdpZv79G0f+n2n22IjkRmUqCmALSupkwRHh2LOhbW3yj5Qgw==",
        "dependencies": {
          "Azure.Core": "1.55.0",
          "System.IO.Hashing": "10.0.3"
        }
      },
      "Microsoft.Bcl.AsyncInterfaces": {
        "type": "Transitive",
        "resolved": "10.0.3",
        "contentHash": "TV62UsrJZPX6gbt3c4WrtXh7bmaDIcMqf9uft1cc4L6gJXOU07hDGEh+bFQh/L2Az0R1WVOkiT66lFqS6G2NmA=="
      },
      "Microsoft.Extensions.Configuration.Abstractions": {
        "type": "Transitive",
        "resolved": "10.0.3",
        "contentHash": "xVDHL0+SIgemfh95fTO9cGLe17TWv/ZP0n7m01z8X6pzt2DmQpucioWR/mYZA1sRlkWnkXzfl0JweLNWmE9WMg==",
        "dependencies": {
          "Microsoft.Extensions.Primitives": "10.0.3"
        }
      },
      "Microsoft.Extensions.DependencyInjection.Abstractions": {
        "type": "Transitive",
        "resolved": "10.0.12",
        "contentHash": "9/qymSh7hVDMGTGwrLz8MRp5zRyXy9adGDOs4HwRdnLil3oZGYuWeZjbmHgCQ9BL1qBroVfgUK3U/nb61617Cw=="
      },
      "Microsoft.Extensions.Diagnostics.Abstractions": {
        "type": "Transitive",
        "resolved": "10.0.3",
        "contentHash": "mQiTzAj7PIJ2A9YXR5QhgulS1fTWhmQc3ckd1Mrf3hKW07d03fBDqx8vVaFw+cRTebDOeB6pNqdWdnRxsi1hBA==",
        "dependencies": {
          "Microsoft.Extensions.DependencyInjection.Abstractions": "10.0.3",
          "Microsoft.Extensions.Options": "10.0.3"
        }
      },
      "Microsoft.Extensions.FileProviders.Abstractions": {
        "type": "Transitive",
        "resolved": "10.0.3",
        "contentHash": "4TD9AXDRsipTmaemwnjt/DM5Ri0de2JzHQhvZ4woBTjUtL4XrPNsMrOk5oiLJAx1gTrE6pOIhxv+lEde5F6CZA==",
        "dependencies": {
          "Microsoft.Extensions.Primitives": "10.0.3"
        }
      },
      "Microsoft.Extensions.Hosting.Abstractions": {
        "type": "Transitive",
        "resolved": "10.0.3",
        "contentHash": "GdMpC10Jf6poxSvUJ4lgYpJ5F/kJeaAoJmrPufjBoPYyCTKKY5Dyl0rZA+LBNvFqTq1cZa/lhlptlUhNvU6xrg==",
        "dependencies": {
          "Microsoft.Extensions.Configuration.Abstractions": "10.0.3",
          "Microsoft.Extensions.DependencyInjection.Abstractions": "10.0.3",
          "Microsoft.Extensions.Diagnostics.Abstractions": "10.0.3",
          "Microsoft.Extensions.FileProviders.Abstractions": "10.0.3",
          "Microsoft.Extensions.Logging.Abstractions": "10.0.3"
        }
      },
      "Microsoft.Extensions.Logging.Abstractions": {
        "type": "Transitive",
        "resolved": "10.0.3",
        "contentHash": "lxl0WLk7ROgBFAsjcOYjQ8/DVK+VMszxGBzUhgtQmAsTNldLL5pk9NG/cWTsXHq0lUhUEAtZkEE7jOGOA8bGKQ==",
        "dependencies": {
          "Microsoft.Extensions.DependencyInjection.Abstractions": "10.0.3"
        }
      },
      "Microsoft.Extensions.Options": {
        "type": "Transitive",
        "resolved": "10.0.12",
        "contentHash": "TDYD33TSRpXKZWlmTXNlj5kCihxatmv2Ec1u6C+bMYLphCS7PoSLE9Pjd/nunDoE7yETk+LLKjVJX78HYtWjpA==",
        "dependencies": {
          "Microsoft.Extensions.DependencyInjection.Abstractions": "10.0.12",
          "Microsoft.Extensions.Primitives": "10.0.12"
        }
      },
      "Microsoft.Extensions.Primitives": {
        "type": "Transitive",
        "resolved": "10.0.12",
        "contentHash": "dYfCLR52UA+3DL7C4I/pvSaRPkNqxrUAQmbFL2u0zvYKKzqgrFCJl08Df+F1aYc8leu9JvpC9bsURUdpExcBXQ=="
      },
      "Microsoft.Identity.Client": {
        "type": "Transitive",
        "resolved": "4.83.1",
        "contentHash": "jOLIrZ3cynoqHLLO1cXplFFabrhrMEYs/EuKHvmCyrOm1axqiVFT6nCSnHxk7w5+d2BeQfCdM12Yf/0X7OeS1g==",
        "dependencies": {
          "Microsoft.IdentityModel.Abstractions": "8.14.0"
        }
      },
      "Microsoft.Identity.Client.Extensions.Msal": {
        "type": "Transitive",
        "resolved": "4.83.1",
        "contentHash": "I3k4J4Hj4KbLEFanjeUzzDOVecukETaTgEkJ7h2pP/Yazs6SLp6TVUTo/Eo+ptPXMwvc+iX7rBFtMSUrA7R+Mg==",
        "dependencies": {
          "Microsoft.Identity.Client": "4.83.1",
          "System.Security.Cryptography.ProtectedData": "4.5.0"
        }
      },
      "Microsoft.IdentityModel.Abstractions": {
        "type": "Transitive",
        "resolved": "8.14.0",
        "contentHash": "iwbCpSjD3ehfTwBhtSNEtKPK0ICun6ov7Ibx6ISNA9bfwIyzI2Siwyi9eJFCJBwxowK9xcA1mj+jBWiigeqgcQ=="
      },
      "System.ClientModel": {
        "type": "Transitive",
        "resolved": "1.11.0",
        "contentHash": "1Wl32zh7TbvN+HAO8NqDuaN0Ao2Qu/0j0NJSrXGDtpUQsTXQYJ3C6hd9/Ds2IrgP4agMQYFoXB35GZfC21ByHw==",
        "dependencies": {
          "Microsoft.Extensions.Configuration.Abstractions": "10.0.3",
          "Microsoft.Extensions.Hosting.Abstractions": "10.0.3",
          "Microsoft.Extensions.Logging.Abstractions": "10.0.3",
          "System.Memory.Data": "10.0.3"
        }
      },
      "System.CommandLine": {
        "type": "Transitive",
        "resolved": "2.0.12",
        "contentHash": "FpW672e6qqrTd1EfKqsvUtFZaJWlTlszUR1o8tdakXhkzKbnEZVndtpfd4K3fUPCFcIs9UmcswMyYGJP1zp/rg=="
      },
      "System.Formats.Cbor": {
        "type": "Transitive",
        "resolved": "10.0.12",
        "contentHash": "CGIkyGIf3UWBFmYJrFJ7FIxQ++3h5yDcDXwyQ0sOH4+5EJK04XMVU+hyy1Q8mTUsWLXz6/ydq1ln9SPutxFVoQ=="
      },
      "System.IO.Hashing": {
        "type": "Transitive",
        "resolved": "10.0.12",
        "contentHash": "jDix4bBMYnpZdSPcnY+KDV6ik3SRMzpMKby/bZl/XUwIiflwRNAFZ0oOl61R/pSaveIJ8t1gs2BUlrGsPs/bcg=="
      },
      "System.Memory.Data": {
        "type": "Transitive",
        "resolved": "10.0.3",
        "contentHash": "MaGhRfGunmrj/nHjtsi9XkhlYJ/ERGWrbA+BiSKNtGnAjc9XlG5EhAvak6VRcX5LYzPF6pBO8nJ613dTgzabig=="
      },
      "System.Security.Cryptography.ProtectedData": {
        "type": "Transitive",
        "resolved": "4.5.0",
        "contentHash": "wLBKzFnDCxP12VL9ANydSYhk59fC4cvOr9ypYQLPnAj48NQIhqnjdD2yhP8yEKyBJEjERWS9DisKL7rX5eU25Q=="
      },
      "ByteTerrace.Puck.Abstractions": {
        "type": "Project"
      },
      "ByteTerrace.Puck.Assets": {
        "type": "Project",
        "dependencies": {
          "ByteTerrace.Puck.Abstractions": "[0.1.0-alpha, )",
          "ByteTerrace.Puck.Maths": "[0.1.0-alpha, )",
          "System.IO.Hashing": "[10.*, )"
        }
      },
      "ByteTerrace.Puck.Attestation": {
        "type": "Project",
        "dependencies": {
          "System.Formats.Cbor": "[10.*, )"
        }
      },
      "ByteTerrace.Puck.Audio": {
        "type": "Project",
        "dependencies": {
          "ByteTerrace.Puck.Hosting": "[0.1.0-alpha, )"
        }
      },
      "ByteTerrace.Puck.Commands": {
        "type": "Project",
        "dependencies": {
          "ByteTerrace.Puck.Abstractions": "[0.1.0-alpha, )",
          "ByteTerrace.Puck.Assets": "[0.1.0-alpha, )",
          "ByteTerrace.Puck.Maths": "[0.1.0-alpha, )",
          "System.CommandLine": "[2.*, )"
        }
      },
      "ByteTerrace.Puck.GamingBricks.Forge": {
        "type": "Project",
        "dependencies": {
          "ByteTerrace.Puck.Abstractions": "[0.1.0-alpha, )",
          "ByteTerrace.Puck.Assets": "[0.1.0-alpha, )"
        }
      },
      "ByteTerrace.Puck.Hosting": {
        "type": "Project",
        "dependencies": {
          "ByteTerrace.Puck.Abstractions": "[0.1.0-alpha, )",
          "ByteTerrace.Puck.Assets": "[0.1.0-alpha, )",
          "ByteTerrace.Puck.Commands": "[0.1.0-alpha, )",
          "ByteTerrace.Puck.Networking": "[0.1.0-alpha, )"
        }
      },
      "ByteTerrace.Puck.Maths": {
        "type": "Project"
      },
      "ByteTerrace.Puck.Networking": {
        "type": "Project",
        "dependencies": {
          "ByteTerrace.Puck.Attestation": "[0.1.0-alpha, )",
          "ByteTerrace.Puck.Maths": "[0.1.0-alpha, )"
        }
      },
      "ByteTerrace.Puck.Physics": {
        "type": "Project",
        "dependencies": {
          "ByteTerrace.Puck.Abstractions": "[0.1.0-alpha, )",
          "ByteTerrace.Puck.Maths": "[0.1.0-alpha, )",
          "ByteTerrace.Puck.State": "[0.1.0-alpha, )"
        }
      },
      "ByteTerrace.Puck.Shaders": {
        "type": "Project",
        "dependencies": {
          "ByteTerrace.Puck.Abstractions": "[0.1.0-alpha, )",
          "ByteTerrace.Puck.Assets": "[0.1.0-alpha, )",
          "ByteTerrace.Puck.Hosting": "[0.1.0-alpha, )"
        }
      },
      "ByteTerrace.Puck.SignedDistance": {
        "type": "Project",
        "dependencies": {
          "ByteTerrace.Puck.Maths": "[0.1.0-alpha, )",
          "ByteTerrace.Puck.Text": "[0.1.0-alpha, )"
        }
      },
      "ByteTerrace.Puck.State": {
        "type": "Project",
        "dependencies": {
          "ByteTerrace.Puck.Abstractions": "[0.1.0-alpha, )",
          "ByteTerrace.Puck.Assets": "[0.1.0-alpha, )",
          "ByteTerrace.Puck.Maths": "[0.1.0-alpha, )"
        }
      },
      "ByteTerrace.Puck.Text": {
        "type": "Project",
        "dependencies": {
          "ByteTerrace.Puck.Assets": "[0.1.0-alpha, )",
          "ByteTerrace.Puck.Maths": "[0.1.0-alpha, )"
        }
      },
      "puck.storage": {
        "type": "Project",
        "dependencies": {
          "Azure.Identity": "[1.*, )",
          "Azure.Storage.Blobs": "[12.*, )",
          "ByteTerrace.Puck.Maths": "[0.1.0-alpha, )",
          "Microsoft.Extensions.DependencyInjection.Abstractions": "[10.*, )",
          "Microsoft.Extensions.Options": "[10.*, )"
        }
      },
      "puck.world.authoring": {
        "type": "Project",
        "dependencies": {
          "ByteTerrace.Puck.Assets": "[0.1.0-alpha, )",
          "ByteTerrace.Puck.SignedDistance": "[0.1.0-alpha, )",
          "ByteTerrace.Puck.Text": "[0.1.0-alpha, )"
        }
      },
      "puck.world.protocol": {
        "type": "Project",
        "dependencies": {
          "ByteTerrace.Puck.Abstractions": "[0.1.0-alpha, )",
          "ByteTerrace.Puck.Commands": "[0.1.0-alpha, )",
          "ByteTerrace.Puck.Maths": "[0.1.0-alpha, )",
          "ByteTerrace.Puck.Networking": "[0.1.0-alpha, )",
          "Puck.World.Schema": "[1.0.0, )"
        }
      },
      "puck.world.schema": {
        "type": "Project",
        "dependencies": {
          "ByteTerrace.Puck.Abstractions": "[0.1.0-alpha, )",
          "ByteTerrace.Puck.Assets": "[0.1.0-alpha, )",
          "ByteTerrace.Puck.Attestation": "[0.1.0-alpha, )",
          "ByteTerrace.Puck.Commands": "[0.1.0-alpha, )",
          "ByteTerrace.Puck.Hosting": "[0.1.0-alpha, )",
          "ByteTerrace.Puck.Maths": "[0.1.0-alpha, )",
          "ByteTerrace.Puck.Physics": "[0.1.0-alpha, )",
          "ByteTerrace.Puck.State": "[0.1.0-alpha, )",
          "ByteTerrace.Puck.Text": "[0.1.0-alpha, )",
          "Puck.World.Authoring": "[1.0.0, )"
        }
      },
      "puck.world.server": {
        "type": "Project",
        "dependencies": {
          "ByteTerrace.Puck.Abstractions": "[0.1.0-alpha, )",
          "ByteTerrace.Puck.Attestation": "[0.1.0-alpha, )",
          "ByteTerrace.Puck.Audio": "[0.1.0-alpha, )",
          "ByteTerrace.Puck.Hosting": "[0.1.0-alpha, )",
          "ByteTerrace.Puck.Networking": "[0.1.0-alpha, )",
          "ByteTerrace.Puck.Physics": "[0.1.0-alpha, )",
          "ByteTerrace.Puck.Shaders": "[0.1.0-alpha, )",
          "ByteTerrace.Puck.SignedDistance": "[0.1.0-alpha, )",
          "Puck.Storage": "[1.0.0, )",
          "Puck.World.Protocol": "[1.0.0, )",
          "Puck.World.Schema": "[1.0.0, )"
        }
      }
    }
  }
}