<Solution>
    <Folder Name="/src/">
        <Project Path="src/Puck.Abstractions/Puck.Abstractions.csproj" />
        <Project Path="src/Puck.AdvancedGamingBrick/Puck.AdvancedGamingBrick.csproj" />
        <Project Path="src/Puck.AdvancedGamingBrick.Post/Puck.AdvancedGamingBrick.Post.csproj" />
        <Project Path="src/Puck.Analyzers/Puck.Analyzers.csproj" />
        <Project Path="src/Puck.Assets/Puck.Assets.csproj" />
        <Project Path="src/Puck.Attestation/Puck.Attestation.csproj" />
        <Project Path="src/Puck.Cli/Puck.Cli.csproj" />
        <Project Path="src/Puck.Commands/Puck.Commands.csproj" />
        <Project Path="src/Puck.DirectX/Puck.DirectX.csproj" />
        <Project Path="src/Puck.DirectX.Presentation/Puck.DirectX.Presentation.csproj" />
        <Project Path="src/Puck.Forge/Puck.Forge.csproj" />
        <Project Path="src/Puck.Hosting/Puck.Hosting.csproj" />
        <Project Path="src/Puck.HumbleGamingBrick/Puck.HumbleGamingBrick.csproj" />
        <Project Path="src/Puck.HumbleGamingBrick.Post/Puck.HumbleGamingBrick.Post.csproj" />
        <Project Path="src/Puck.Input/Puck.Input.csproj" />
        <Project Path="src/Puck.Launcher/Puck.Launcher.csproj" />
        <Project Path="src/Puck.Maths/Puck.Maths.csproj" />
        <Project Path="src/Puck.Overlays/Puck.Overlays.csproj" />
        <Project Path="src/Puck.Platform/Puck.Platform.csproj" />
        <Project Path="src/Puck.Recording/Puck.Recording.csproj" />
        <Project Path="src/Puck.Scripting/Puck.Scripting.csproj" />
        <Project Path="src/Puck.Scripting.Simulation/Puck.Scripting.Simulation.csproj" />
        <Project Path="src/Puck.SdfVm/Puck.SdfVm.csproj" />
        <Project Path="src/Puck.SdfVm.Bench/Puck.SdfVm.Bench.csproj" />
        <Project Path="src/Puck.Shaders/Puck.Shaders.csproj" />
        <Project Path="src/Puck.Snapshots/Puck.Snapshots.csproj" />
        <Project Path="src/Puck.Storage/Puck.Storage.csproj" />
        <Project Path="src/Puck.Text/Puck.Text.csproj" />
        <Project Path="src/Puck.Vulkan/Puck.Vulkan.csproj" />
        <Project Path="src/Puck.Vulkan.Presentation/Puck.Vulkan.Presentation.csproj" />
        <Project Path="src/Puck.World/Puck.World.csproj" />
        <Project Path="src/Puck.World.Data/Puck.World.Data.csproj" />
        <Project Path="src/Puck.World.Server/Puck.World.Server.csproj" />
    </Folder>
    <Folder Name="/tests/">
        <Project Path="tests/Puck.Analyzers.Tests/Puck.Analyzers.Tests.csproj" />
        <Project Path="tests/Puck.Attestation.Tests/Puck.Attestation.Tests.csproj" />
        <Project Path="tests/Puck.Commands.Tests/Puck.Commands.Tests.csproj" />
        <Project Path="tests/Puck.Input.Tests/Puck.Input.Tests.csproj" />
        <Project Path="tests/Puck.Dynamics.Spike.Tests/Puck.Dynamics.Spike.Tests.csproj" />
        <Project Path="tests/Puck.Launcher.Tests/Puck.Launcher.Tests.csproj" />
        <Project Path="tests/Puck.Maths.Tests/Puck.Maths.Tests.csproj" />
        <Project Path="tests/Puck.Recording.Tests/Puck.Recording.Tests.csproj" />
        <Project Path="tests/Puck.World.Tests/Puck.World.Tests.csproj" />
    </Folder>
</Solution>
