{
  "version": 1,
  "dependencies": {
    "net10.0": {
      "Concentus": {
        "type": "Direct",
        "requested": "[2.*, )",
        "resolved": "2.2.2",
        "contentHash": "2B9YmHPKO+k7YpAAnqmiXwiMJnfjfj1C868RszOll2iZWLnGTAiC1q21L/d7CvTan7T+hyqU8dR0Dcy3cpjVfQ=="
      },
      "puck.abstractions": {
        "type": "Project"
      }
    }
  }
}