{
  "version": 1,
  "dependencies": {
    "net10.0": {
      "Concentus": {
        "type": "Transitive",
        "resolved": "2.2.2",
        "contentHash": "2B9YmHPKO+k7YpAAnqmiXwiMJnfjfj1C868RszOll2iZWLnGTAiC1q21L/d7CvTan7T+hyqU8dR0Dcy3cpjVfQ=="
      },
      "Microsoft.Extensions.DependencyInjection": {
        "type": "Transitive",
        "resolved": "10.0.11",
        "contentHash": "PSmotV19c7E3lKed++uYo1kSiXFI+uTl37CBSrhq+CfLC3FCHjG7R91+xPnNehQfHS1b0Tzo/CCLPWH3qaEheg==",
        "dependencies": {
          "Microsoft.Extensions.DependencyInjection.Abstractions": "10.0.11"
        }
      },
      "Microsoft.Extensions.DependencyInjection.Abstractions": {
        "type": "Transitive",
        "resolved": "10.0.11",
        "contentHash": "/a1aJz4m7ylhEDf25ugQChLQoN5XwoGjWw/BoR/ZWWKsO1v4DdJElS1uyngahz4B/eOzjFk1KNTkarRLE5wsIg=="
      },
      "System.CommandLine": {
        "type": "Transitive",
        "resolved": "2.0.11",
        "contentHash": "Pmg3/T0M37ZS3ovwPHtfBNTCdqNpnxo+tnZMg8JDHVR0qD8KwcPUKlheEiZysb1En8IyH7yDoa9QDq97Ny/vhQ=="
      },
      "puck.abstractions": {
        "type": "Project"
      },
      "puck.assets": {
        "type": "Project",
        "dependencies": {
          "Microsoft.Extensions.DependencyInjection.Abstractions": "[10.*, )"
        }
      },
      "puck.commands": {
        "type": "Project",
        "dependencies": {
          "Puck.Maths": "[1.0.0, )",
          "System.CommandLine": "[2.*, )"
        }
      },
      "puck.hosting": {
        "type": "Project",
        "dependencies": {
          "Puck.Abstractions": "[1.0.0, )",
          "Puck.Commands": "[1.0.0, )"
        }
      },
      "puck.humblegamingbrick": {
        "type": "Project",
        "dependencies": {
          "Microsoft.Extensions.DependencyInjection": "[10.*, )",
          "Puck.Abstractions": "[1.0.0, )",
          "Puck.Hosting": "[1.0.0, )",
          "Puck.Maths": "[1.0.0, )",
          "Puck.Snapshots": "[1.0.0, )"
        }
      },
      "puck.maths": {
        "type": "Project"
      },
      "puck.recording": {
        "type": "Project",
        "dependencies": {
          "Concentus": "[2.*, )",
          "Puck.Abstractions": "[1.0.0, )",
          "Puck.Maths": "[1.0.0, )"
        }
      },
      "puck.sdfvm": {
        "type": "Project",
        "dependencies": {
          "Puck.Abstractions": "[1.0.0, )",
          "Puck.Assets": "[1.0.0, )",
          "Puck.Hosting": "[1.0.0, )",
          "Puck.Maths": "[1.0.0, )",
          "Puck.Recording": "[1.0.0, )",
          "Puck.Shaders": "[1.0.0, )",
          "Puck.Text": "[1.0.0, )"
        }
      },
      "puck.shaders": {
        "type": "Project",
        "dependencies": {
          "Puck.Assets": "[1.0.0, )"
        }
      },
      "puck.snapshots": {
        "type": "Project"
      },
      "puck.text": {
        "type": "Project",
        "dependencies": {
          "Puck.Assets": "[1.0.0, )",
          "Puck.Maths": "[1.0.0, )"
        }
      }
    }
  }
}