# This file is automatically @generated by Cargo.
# It is not intended for manual editing.
version = 4

[[package]]
name = "puck-addon-channelwalk"
version = "0.1.0"
dependencies = [
 "puck-stdlib",
]

[[package]]
name = "puck-addon-default"
version = "0.1.0"
dependencies = [
 "puck-stdlib",
]

[[package]]
name = "puck-addon-eventwatch"
version = "0.1.0"
dependencies = [
 "puck-stdlib",
]

[[package]]
name = "puck-addon-hudbuilder"
version = "0.1.0"
dependencies = [
 "puck-stdlib",
]

[[package]]
name = "puck-addon-queryspam"
version = "0.1.0"
dependencies = [
 "puck-stdlib",
]

[[package]]
name = "puck-addon-stalekind"
version = "0.1.0"
dependencies = [
 "puck-stdlib",
]

[[package]]
name = "puck-stdlib"
version = "0.1.0"
