{
  "version": 1,
  "dependencies": {
    "net10.0": {
      "Microsoft.Extensions.DependencyInjection.Abstractions": {
        "type": "Transitive",
        "resolved": "10.0.9",
        "contentHash": "g41l/30G3K4B/d/L8kjux0+30e27c8D0FVQ/PFCpbekgfDpj9mnDhieP67EqXWvl1EWNeZh2rpR4F5B/jcDOHA=="
      },
      "System.CommandLine": {
        "type": "Transitive",
        "resolved": "2.0.9",
        "contentHash": "SW0WhEk4NFVZ4lOnsLrHQOV/7s0eTidezNybHQWXfqhuXWB17X3RXbrifeWBbUx1iu+NcYchVSufmW7svjUEnA=="
      },
      "puck.abstractions": {
        "type": "Project"
      },
      "puck.assets": {
        "type": "Project",
        "dependencies": {
          "Microsoft.Extensions.DependencyInjection.Abstractions": "[10.*, )"
        }
      },
      "puck.cameras": {
        "type": "Project"
      },
      "puck.capture": {
        "type": "Project",
        "dependencies": {
          "Puck.Abstractions": "[1.0.0, )"
        }
      },
      "puck.commands": {
        "type": "Project",
        "dependencies": {
          "System.CommandLine": "[2.*, )"
        }
      },
      "puck.compositing": {
        "type": "Project",
        "dependencies": {
          "Puck.Abstractions": "[1.0.0, )",
          "Puck.Assets": "[1.0.0, )"
        }
      },
      "puck.hosting": {
        "type": "Project",
        "dependencies": {
          "Puck.Abstractions": "[1.0.0, )",
          "Puck.Commands": "[1.0.0, )"
        }
      },
      "puck.sdfvm": {
        "type": "Project",
        "dependencies": {
          "Puck.Abstractions": "[1.0.0, )",
          "Puck.Assets": "[1.0.0, )",
          "Puck.Cameras": "[1.0.0, )",
          "Puck.Capture": "[1.0.0, )",
          "Puck.Compositing": "[1.0.0, )",
          "Puck.Hosting": "[1.0.0, )",
          "Puck.Shaders": "[1.0.0, )"
        }
      },
      "puck.shaders": {
        "type": "Project",
        "dependencies": {
          "Puck.Assets": "[1.0.0, )"
        }
      }
    }
  }
}