{
  "version": 1,
  "dependencies": {
    "net10.0": {
      "Microsoft.Extensions.DependencyInjection.Abstractions": {
        "type": "Direct",
        "requested": "[10.*, )",
        "resolved": "10.0.12",
        "contentHash": "9/qymSh7hVDMGTGwrLz8MRp5zRyXy9adGDOs4HwRdnLil3oZGYuWeZjbmHgCQ9BL1qBroVfgUK3U/nb61617Cw=="
      },
      "Microsoft.Extensions.Options": {
        "type": "Direct",
        "requested": "[10.*, )",
        "resolved": "10.0.12",
        "contentHash": "TDYD33TSRpXKZWlmTXNlj5kCihxatmv2Ec1u6C+bMYLphCS7PoSLE9Pjd/nunDoE7yETk+LLKjVJX78HYtWjpA==",
        "dependencies": {
          "Microsoft.Extensions.DependencyInjection.Abstractions": "10.0.12",
          "Microsoft.Extensions.Primitives": "10.0.12"
        }
      },
      "Microsoft.NET.ILLink.Tasks": {
        "type": "Direct",
        "requested": "[10.0.12, )",
        "resolved": "10.0.12",
        "contentHash": "xi+BDjFpW+Sb+MHFHaH6Y/gV9I8BluFwRXc1QyCdoZbIK26eNiBeFuMTe/FMwc33G1wdHCyDg7CVTmb8OdQrMQ=="
      },
      "Microsoft.Extensions.Primitives": {
        "type": "Transitive",
        "resolved": "10.0.12",
        "contentHash": "dYfCLR52UA+3DL7C4I/pvSaRPkNqxrUAQmbFL2u0zvYKKzqgrFCJl08Df+F1aYc8leu9JvpC9bsURUdpExcBXQ=="
      },
      "System.CommandLine": {
        "type": "Transitive",
        "resolved": "2.0.12",
        "contentHash": "FpW672e6qqrTd1EfKqsvUtFZaJWlTlszUR1o8tdakXhkzKbnEZVndtpfd4K3fUPCFcIs9UmcswMyYGJP1zp/rg=="
      },
      "System.IO.Hashing": {
        "type": "Transitive",
        "resolved": "10.0.12",
        "contentHash": "jDix4bBMYnpZdSPcnY+KDV6ik3SRMzpMKby/bZl/XUwIiflwRNAFZ0oOl61R/pSaveIJ8t1gs2BUlrGsPs/bcg=="
      },
      "ByteTerrace.Puck.Abstractions": {
        "type": "Project"
      },
      "ByteTerrace.Puck.Assets": {
        "type": "Project",
        "dependencies": {
          "ByteTerrace.Puck.Abstractions": "[0.1.0-alpha, )",
          "ByteTerrace.Puck.Maths": "[0.1.0-alpha, )",
          "System.IO.Hashing": "[10.*, )"
        }
      },
      "ByteTerrace.Puck.Commands": {
        "type": "Project",
        "dependencies": {
          "ByteTerrace.Puck.Abstractions": "[0.1.0-alpha, )",
          "ByteTerrace.Puck.Assets": "[0.1.0-alpha, )",
          "ByteTerrace.Puck.Maths": "[0.1.0-alpha, )",
          "System.CommandLine": "[2.*, )"
        }
      },
      "ByteTerrace.Puck.Maths": {
        "type": "Project"
      },
      "puck.input": {
        "type": "Project",
        "dependencies": {
          "ByteTerrace.Puck.Abstractions": "[0.1.0-alpha, )",
          "ByteTerrace.Puck.Commands": "[0.1.0-alpha, )",
          "System.IO.Hashing": "[10.*, )"
        }
      },
      "puck.platform": {
        "type": "Project",
        "dependencies": {
          "ByteTerrace.Puck.Abstractions": "[0.1.0-alpha, )",
          "ByteTerrace.Puck.Commands": "[0.1.0-alpha, )",
          "Microsoft.Extensions.DependencyInjection.Abstractions": "[10.*, )",
          "Microsoft.Extensions.Options": "[10.*, )",
          "Puck.Input": "[1.0.0, )"
        }
      }
    }
  }
}