{
  "version": 1,
  "dependencies": {
    "net10.0": {
      "Microsoft.NET.ILLink.Tasks": {
        "type": "Direct",
        "requested": "[10.0.11, )",
        "resolved": "10.0.11",
        "contentHash": "IBf7lbovvjGWVWXZX5cJ/cO0WXbId0Zq4BuSeT94mGZuOAP66oMeH9PTBZ9Jpp3Jb6jtK0qm/NyUbPRo1gC/wQ=="
      },
      "System.CommandLine": {
        "type": "Transitive",
        "resolved": "2.0.11",
        "contentHash": "Pmg3/T0M37ZS3ovwPHtfBNTCdqNpnxo+tnZMg8JDHVR0qD8KwcPUKlheEiZysb1En8IyH7yDoa9QDq97Ny/vhQ=="
      },
      "ByteTerrace.Puck.Commands": {
        "type": "Project",
        "dependencies": {
          "ByteTerrace.Puck.Maths": "[0.1.0-alpha, )",
          "System.CommandLine": "[2.*, )"
        }
      },
      "ByteTerrace.Puck.Maths": {
        "type": "Project"
      },
      "puck.abstractions": {
        "type": "Project"
      }
    }
  }
}