{
  "version": 1,
  "dependencies": {
    "net10.0": {
      "System.CommandLine": {
        "type": "Transitive",
        "resolved": "2.0.9",
        "contentHash": "SW0WhEk4NFVZ4lOnsLrHQOV/7s0eTidezNybHQWXfqhuXWB17X3RXbrifeWBbUx1iu+NcYchVSufmW7svjUEnA=="
      },
      "puck.abstractions": {
        "type": "Project"
      },
      "puck.commands": {
        "type": "Project",
        "dependencies": {
          "System.CommandLine": "[2.*, )"
        }
      }
    }
  }
}