{
  "version": 1,
  "dependencies": {
    "net10.0": {
      "Microsoft.Extensions.DependencyInjection.Abstractions": {
        "type": "Direct",
        "requested": "[10.*, )",
        "resolved": "10.0.10",
        "contentHash": "z/2xXlFw2aLGjHyEm6E0tQ+In6VfzQzTrtArbQ2c0TQE16ZbyDCMGPvaUT9I0s8rgy9sRWlU2P9waW37qV04qA=="
      },
      "Microsoft.Extensions.Options": {
        "type": "Direct",
        "requested": "[10.*, )",
        "resolved": "10.0.10",
        "contentHash": "srnhnk7nE8krBiIXp71LvBmKBtraBONWSRzdjJgRv1Ko9Mp8IVNqv4vIS9hGeVteBig8aQkva9ZG+sC+o5sVcA==",
        "dependencies": {
          "Microsoft.Extensions.DependencyInjection.Abstractions": "10.0.10",
          "Microsoft.Extensions.Primitives": "10.0.10"
        }
      },
      "Microsoft.Windows.CsWin32": {
        "type": "Direct",
        "requested": "[0.3.183, 0.3.183]",
        "resolved": "0.3.183",
        "contentHash": "Ze3aE2y7xgzKxEWtNb4SH0CExXpCHr3sbmwnvMiWMzJhWDX/G4Rs5wgg2UNs3VN+qVHh/DkDWLCPaVQv/b//Nw==",
        "dependencies": {
          "Microsoft.Windows.SDK.Win32Docs": "0.1.42-alpha",
          "Microsoft.Windows.SDK.Win32Metadata": "61.0.15-preview",
          "Microsoft.Windows.WDK.Win32Metadata": "0.12.8-experimental"
        }
      },
      "Microsoft.Extensions.Primitives": {
        "type": "Transitive",
        "resolved": "10.0.10",
        "contentHash": "5wu/GrYVd8mG2DVUw3vFJzF+O336TyTGg/Kmcgw9bfwYhCoFiV5lR5QeEmKecJyrW4W54nMfD3p3589E8a7czQ=="
      },
      "Microsoft.Windows.SDK.Win32Docs": {
        "type": "Transitive",
        "resolved": "0.1.42-alpha",
        "contentHash": "Z/9po23gUA9aoukirh2ItMU2ZS9++Js9Gdds9fu5yuMojDrmArvY2y+tq9985tR3cxFxpZO1O35Wjfo0khj5HA=="
      },
      "Microsoft.Windows.SDK.Win32Metadata": {
        "type": "Transitive",
        "resolved": "61.0.15-preview",
        "contentHash": "cysex3dazKtCPALCluC2XX3f5Aedy9H2pw5jb+TW5uas2rkem1Z7FRnbUrg2vKx0pk0Qz+4EJNr37HdYTEcvEQ=="
      },
      "Microsoft.Windows.WDK.Win32Metadata": {
        "type": "Transitive",
        "resolved": "0.12.8-experimental",
        "contentHash": "3n8R44/Z96Ly+ty4eYVJfESqbzvpw96lRLs3zOzyDmr1x1Kw7FNn5CyE416q+bZQV3e1HRuMUvyegMeRE/WedA==",
        "dependencies": {
          "Microsoft.Windows.SDK.Win32Metadata": "61.0.15-preview"
        }
      },
      "System.CommandLine": {
        "type": "Transitive",
        "resolved": "2.0.10",
        "contentHash": "6i1D6/U3i1f/PiXTt9pDvbJwdXEe0F2DZPup6BHzeIu5yPk/lkFzgtrJnPbj54JWUh8Y9vJeKG/TZIT6MkF8TA=="
      },
      "System.IO.Hashing": {
        "type": "Transitive",
        "resolved": "10.0.10",
        "contentHash": "eE839zyWZD/UBZYzP2lu9fhHX6RWe63/jz3Jxf+JumzO/db+Vc2s7CMiDwxk9ti2NTUft2tdRx31Rw2OjKbecA=="
      },
      "puck.abstractions": {
        "type": "Project"
      },
      "puck.commands": {
        "type": "Project",
        "dependencies": {
          "System.CommandLine": "[2.*, )"
        }
      },
      "puck.input": {
        "type": "Project",
        "dependencies": {
          "Puck.Abstractions": "[1.0.0, )",
          "Puck.Commands": "[1.0.0, )",
          "System.IO.Hashing": "[10.*, )"
        }
      }
    }
  }
}