{
  "version": 1,
  "dependencies": {
    "net10.0": {
      "Microsoft.NET.ILLink.Tasks": {
        "type": "Direct",
        "requested": "[10.0.11, )",
        "resolved": "10.0.11",
        "contentHash": "IBf7lbovvjGWVWXZX5cJ/cO0WXbId0Zq4BuSeT94mGZuOAP66oMeH9PTBZ9Jpp3Jb6jtK0qm/NyUbPRo1gC/wQ=="
      },
      "System.CommandLine": {
        "type": "Transitive",
        "resolved": "2.0.11",
        "contentHash": "Pmg3/T0M37ZS3ovwPHtfBNTCdqNpnxo+tnZMg8JDHVR0qD8KwcPUKlheEiZysb1En8IyH7yDoa9QDq97Ny/vhQ=="
      },
      "System.IO.Hashing": {
        "type": "Transitive",
        "resolved": "10.0.11",
        "contentHash": "OzKDcIRkeNJeC8qAsbn8yJXnfTLP1dtkWILe+T56Gf/z+IkAASi7sMqLqJQat08j5z/mRN5xVtoAwbkMNMoBUQ=="
      },
      "Wasmtime": {
        "type": "Transitive",
        "resolved": "44.0.0",
        "contentHash": "Mo93hPzT2wzxQlntv0yqWChspMCp9KlT4rTYseriz/WZ1wKjRCE5WBwrN2ljBeqBitKINPMwupN4Ar1jnaS7Vw=="
      },
      "ByteTerrace.Puck.Assets": {
        "type": "Project"
      },
      "ByteTerrace.Puck.Commands": {
        "type": "Project",
        "dependencies": {
          "ByteTerrace.Puck.Maths": "[0.1.0-alpha, )",
          "System.CommandLine": "[2.*, )"
        }
      },
      "ByteTerrace.Puck.Maths": {
        "type": "Project"
      },
      "puck.abstractions": {
        "type": "Project"
      },
      "puck.input": {
        "type": "Project",
        "dependencies": {
          "ByteTerrace.Puck.Commands": "[0.1.0-alpha, )",
          "Puck.Abstractions": "[1.0.0, )",
          "System.IO.Hashing": "[10.*, )"
        }
      },
      "puck.scripting": {
        "type": "Project",
        "dependencies": {
          "ByteTerrace.Puck.Assets": "[0.1.0-alpha, )",
          "ByteTerrace.Puck.Maths": "[0.1.0-alpha, )",
          "Wasmtime": "[44.0.0, 44.0.0]"
        }
      }
    }
  }
}