{
  "version": 1,
  "dependencies": {
    "net10.0": {
      "Microsoft.Extensions.DependencyInjection": {
        "type": "Direct",
        "requested": "[10.*, )",
        "resolved": "10.0.10",
        "contentHash": "ANyvsgkNBRvcJh2XLgn8veGmajf+8m0AbKK+HPWdRL1yraSNVVSmQhFntLtdz/C795jxqqup+k05cs/3jZQPOA==",
        "dependencies": {
          "Microsoft.Extensions.DependencyInjection.Abstractions": "10.0.10"
        }
      },
      "Microsoft.Extensions.DependencyInjection.Abstractions": {
        "type": "Transitive",
        "resolved": "10.0.10",
        "contentHash": "z/2xXlFw2aLGjHyEm6E0tQ+In6VfzQzTrtArbQ2c0TQE16ZbyDCMGPvaUT9I0s8rgy9sRWlU2P9waW37qV04qA=="
      },
      "System.CommandLine": {
        "type": "Transitive",
        "resolved": "2.0.10",
        "contentHash": "6i1D6/U3i1f/PiXTt9pDvbJwdXEe0F2DZPup6BHzeIu5yPk/lkFzgtrJnPbj54JWUh8Y9vJeKG/TZIT6MkF8TA=="
      },
      "puck.abstractions": {
        "type": "Project"
      },
      "puck.advancedgamingbrick": {
        "type": "Project",
        "dependencies": {
          "Microsoft.Extensions.DependencyInjection": "[10.*, )",
          "Puck.Abstractions": "[1.0.0, )",
          "Puck.Hosting": "[1.0.0, )",
          "Puck.Snapshots": "[1.0.0, )"
        }
      },
      "puck.capture": {
        "type": "Project",
        "dependencies": {
          "Puck.Abstractions": "[1.0.0, )"
        }
      },
      "puck.commands": {
        "type": "Project",
        "dependencies": {
          "System.CommandLine": "[2.*, )"
        }
      },
      "puck.hosting": {
        "type": "Project",
        "dependencies": {
          "Puck.Abstractions": "[1.0.0, )",
          "Puck.Commands": "[1.0.0, )"
        }
      },
      "puck.snapshots": {
        "type": "Project"
      }
    }
  }
}